// !$*UTF8*$!
{
	archiveVersion = 1;
	classes = {
	};
	objectVersion = 50;
	objects = {

/* Begin PBXBuildFile section */
		17208D8F24193DCF005D048E /* SignupTableDelegates.swift in Sources */ = {isa = PBXBuildFile; fileRef = 17208D8C24193DCF005D048E /* SignupTableDelegates.swift */; };
		17208D9024193DCF005D048E /* SignupTablePresenter.swift in Sources */ = {isa = PBXBuildFile; fileRef = 17208D8D24193DCF005D048E /* SignupTablePresenter.swift */; };
		17208D9124193DCF005D048E /* SignupTableViewController.swift in Sources */ = {isa = PBXBuildFile; fileRef = 17208D8E24193DCF005D048E /* SignupTableViewController.swift */; };
		17208D94241946C3005D048E /* NameTableViewCell.swift in Sources */ = {isa = PBXBuildFile; fileRef = 17208D93241946C3005D048E /* NameTableViewCell.swift */; };
		17208D97241947E6005D048E /* SignupLabelView.swift in Sources */ = {isa = PBXBuildFile; fileRef = 17208D96241947E6005D048E /* SignupLabelView.swift */; };
		17208D9924194D42005D048E /* SignupTableViewCell.swift in Sources */ = {isa = PBXBuildFile; fileRef = 17208D9824194D42005D048E /* SignupTableViewCell.swift */; };
		17208D9C24195388005D048E /* Extensions.swift in Sources */ = {isa = PBXBuildFile; fileRef = 17208D9B24195388005D048E /* Extensions.swift */; };
		17208DA1241A4F7E005D048E /* ResultsTableDelegates.swift in Sources */ = {isa = PBXBuildFile; fileRef = 17208D9E241A4F7E005D048E /* ResultsTableDelegates.swift */; };
		17208DA2241A4F7E005D048E /* ResultsTablePresenter.swift in Sources */ = {isa = PBXBuildFile; fileRef = 17208D9F241A4F7E005D048E /* ResultsTablePresenter.swift */; };
		17208DA3241A4F7E005D048E /* ResultsTableViewController.swift in Sources */ = {isa = PBXBuildFile; fileRef = 17208DA0241A4F7E005D048E /* ResultsTableViewController.swift */; };
		17208DA5241A8AC0005D048E /* Routes.swift in Sources */ = {isa = PBXBuildFile; fileRef = 17208DA4241A8AC0005D048E /* Routes.swift */; };
		17208DA7241A8C55005D048E /* Method.swift in Sources */ = {isa = PBXBuildFile; fileRef = 17208DA6241A8C55005D048E /* Method.swift */; };
		177CEE66241B93D9001C7FB1 /* ResultTableViewCell.swift in Sources */ = {isa = PBXBuildFile; fileRef = 177CEE65241B93D9001C7FB1 /* ResultTableViewCell.swift */; };
		177CEE69241BA188001C7FB1 /* ResultElement.swift in Sources */ = {isa = PBXBuildFile; fileRef = 177CEE68241BA188001C7FB1 /* ResultElement.swift */; };
		177CEE6B241BBF88001C7FB1 /* Locale.swift in Sources */ = {isa = PBXBuildFile; fileRef = 177CEE6A241BBF88001C7FB1 /* Locale.swift */; };
		177CEE6D241BC937001C7FB1 /* Colors.swift in Sources */ = {isa = PBXBuildFile; fileRef = 177CEE6C241BC937001C7FB1 /* Colors.swift */; };
		177CEE70241BD734001C7FB1 /* Completion.swift in Sources */ = {isa = PBXBuildFile; fileRef = 177CEE6F241BD734001C7FB1 /* Completion.swift */; };
		17D2F0FD2419032200AAE8A7 /* AppDelegate.swift in Sources */ = {isa = PBXBuildFile; fileRef = 17D2F0FC2419032200AAE8A7 /* AppDelegate.swift */; };
		17D2F1062419032600AAE8A7 /* Assets.xcassets in Resources */ = {isa = PBXBuildFile; fileRef = 17D2F1052419032600AAE8A7 /* Assets.xcassets */; };
		17D2F1092419032600AAE8A7 /* LaunchScreen.storyboard in Resources */ = {isa = PBXBuildFile; fileRef = 17D2F1072419032600AAE8A7 /* LaunchScreen.storyboard */; };
		17D2F1182419260200AAE8A7 /* LoginTableViewController.swift in Sources */ = {isa = PBXBuildFile; fileRef = 17D2F1172419260200AAE8A7 /* LoginTableViewController.swift */; };
		17D2F11B241926AE00AAE8A7 /* EmailTableViewCell.swift in Sources */ = {isa = PBXBuildFile; fileRef = 17D2F11A241926AE00AAE8A7 /* EmailTableViewCell.swift */; };
		17D2F11D2419285500AAE8A7 /* PasswordTableViewCell.swift in Sources */ = {isa = PBXBuildFile; fileRef = 17D2F11C2419285500AAE8A7 /* PasswordTableViewCell.swift */; };
		17D2F11F241929A400AAE8A7 /* LoginButtonTableViewCell.swift in Sources */ = {isa = PBXBuildFile; fileRef = 17D2F11E241929A400AAE8A7 /* LoginButtonTableViewCell.swift */; };
		17D2F12124192C3F00AAE8A7 /* SignupButtonTableViewCell.swift in Sources */ = {isa = PBXBuildFile; fileRef = 17D2F12024192C3F00AAE8A7 /* SignupButtonTableViewCell.swift */; };
		17D2F12424192DB400AAE8A7 /* LoginTableDelegates.swift in Sources */ = {isa = PBXBuildFile; fileRef = 17D2F12224192DB400AAE8A7 /* LoginTableDelegates.swift */; };
		17D2F12524192DB400AAE8A7 /* LoginTablePresenter.swift in Sources */ = {isa = PBXBuildFile; fileRef = 17D2F12324192DB400AAE8A7 /* LoginTablePresenter.swift */; };
		17D2F127241936B400AAE8A7 /* LoginLabelView.swift in Sources */ = {isa = PBXBuildFile; fileRef = 17D2F126241936B400AAE8A7 /* LoginLabelView.swift */; };
/* End PBXBuildFile section */

/* Begin PBXFileReference section */
		17208D8C24193DCF005D048E /* SignupTableDelegates.swift */ = {isa = PBXFileReference; lastKnownFileType = sourcecode.swift; path = SignupTableDelegates.swift; sourceTree = "<group>"; };
		17208D8D24193DCF005D048E /* SignupTablePresenter.swift */ = {isa = PBXFileReference; lastKnownFileType = sourcecode.swift; path = SignupTablePresenter.swift; sourceTree = "<group>"; };
		17208D8E24193DCF005D048E /* SignupTableViewController.swift */ = {isa = PBXFileReference; lastKnownFileType = sourcecode.swift; path = SignupTableViewController.swift; sourceTree = "<group>"; };
		17208D93241946C3005D048E /* NameTableViewCell.swift */ = {isa = PBXFileReference; lastKnownFileType = sourcecode.swift; path = NameTableViewCell.swift; sourceTree = "<group>"; };
		17208D96241947E6005D048E /* SignupLabelView.swift */ = {isa = PBXFileReference; lastKnownFileType = sourcecode.swift; path = SignupLabelView.swift; sourceTree = "<group>"; };
		17208D9824194D42005D048E /* SignupTableViewCell.swift */ = {isa = PBXFileReference; lastKnownFileType = sourcecode.swift; path = SignupTableViewCell.swift; sourceTree = "<group>"; };
		17208D9B24195388005D048E /* Extensions.swift */ = {isa = PBXFileReference; lastKnownFileType = sourcecode.swift; path = Extensions.swift; sourceTree = "<group>"; };
		17208D9E241A4F7E005D048E /* ResultsTableDelegates.swift */ = {isa = PBXFileReference; lastKnownFileType = sourcecode.swift; path = ResultsTableDelegates.swift; sourceTree = "<group>"; };
		17208D9F241A4F7E005D048E /* ResultsTablePresenter.swift */ = {isa = PBXFileReference; lastKnownFileType = sourcecode.swift; path = ResultsTablePresenter.swift; sourceTree = "<group>"; };
		17208DA0241A4F7E005D048E /* ResultsTableViewController.swift */ = {isa = PBXFileReference; lastKnownFileType = sourcecode.swift; path = ResultsTableViewController.swift; sourceTree = "<group>"; };
		17208DA4241A8AC0005D048E /* Routes.swift */ = {isa = PBXFileReference; lastKnownFileType = sourcecode.swift; path = Routes.swift; sourceTree = "<group>"; };
		17208DA6241A8C55005D048E /* Method.swift */ = {isa = PBXFileReference; lastKnownFileType = sourcecode.swift; path = Method.swift; sourceTree = "<group>"; };
		177CEE65241B93D9001C7FB1 /* ResultTableViewCell.swift */ = {isa = PBXFileReference; lastKnownFileType = sourcecode.swift; path = ResultTableViewCell.swift; sourceTree = "<group>"; };
		177CEE68241BA188001C7FB1 /* ResultElement.swift */ = {isa = PBXFileReference; lastKnownFileType = sourcecode.swift; path = ResultElement.swift; sourceTree = "<group>"; };
		177CEE6A241BBF88001C7FB1 /* Locale.swift */ = {isa = PBXFileReference; lastKnownFileType = sourcecode.swift; path = Locale.swift; sourceTree = "<group>"; };
		177CEE6C241BC937001C7FB1 /* Colors.swift */ = {isa = PBXFileReference; lastKnownFileType = sourcecode.swift; path = Colors.swift; sourceTree = "<group>"; };
		177CEE6F241BD734001C7FB1 /* Completion.swift */ = {isa = PBXFileReference; lastKnownFileType = sourcecode.swift; path = Completion.swift; sourceTree = "<group>"; };
		17D2F0F92419032200AAE8A7 /* TestTaskJatApp.app */ = {isa = PBXFileReference; explicitFileType = wrapper.application; includeInIndex = 0; path = TestTaskJatApp.app; sourceTree = BUILT_PRODUCTS_DIR; };
		17D2F0FC2419032200AAE8A7 /* AppDelegate.swift */ = {isa = PBXFileReference; lastKnownFileType = sourcecode.swift; path = AppDelegate.swift; sourceTree = "<group>"; };
		17D2F1052419032600AAE8A7 /* Assets.xcassets */ = {isa = PBXFileReference; lastKnownFileType = folder.assetcatalog; path = Assets.xcassets; sourceTree = "<group>"; };
		17D2F1082419032600AAE8A7 /* Base */ = {isa = PBXFileReference; lastKnownFileType = file.storyboard; name = Base; path = Base.lproj/LaunchScreen.storyboard; sourceTree = "<group>"; };
		17D2F10A2419032600AAE8A7 /* Info.plist */ = {isa = PBXFileReference; lastKnownFileType = text.plist.xml; path = Info.plist; sourceTree = "<group>"; };
		17D2F1172419260200AAE8A7 /* LoginTableViewController.swift */ = {isa = PBXFileReference; lastKnownFileType = sourcecode.swift; path = LoginTableViewController.swift; sourceTree = "<group>"; };
		17D2F11A241926AE00AAE8A7 /* EmailTableViewCell.swift */ = {isa = PBXFileReference; lastKnownFileType = sourcecode.swift; path = EmailTableViewCell.swift; sourceTree = "<group>"; };
		17D2F11C2419285500AAE8A7 /* PasswordTableViewCell.swift */ = {isa = PBXFileReference; lastKnownFileType = sourcecode.swift; path = PasswordTableViewCell.swift; sourceTree = "<group>"; };
		17D2F11E241929A400AAE8A7 /* LoginButtonTableViewCell.swift */ = {isa = PBXFileReference; lastKnownFileType = sourcecode.swift; path = LoginButtonTableViewCell.swift; sourceTree = "<group>"; };
		17D2F12024192C3F00AAE8A7 /* SignupButtonTableViewCell.swift */ = {isa = PBXFileReference; lastKnownFileType = sourcecode.swift; path = SignupButtonTableViewCell.swift; sourceTree = "<group>"; };
		17D2F12224192DB400AAE8A7 /* LoginTableDelegates.swift */ = {isa = PBXFileReference; lastKnownFileType = sourcecode.swift; path = LoginTableDelegates.swift; sourceTree = "<group>"; };
		17D2F12324192DB400AAE8A7 /* LoginTablePresenter.swift */ = {isa = PBXFileReference; lastKnownFileType = sourcecode.swift; path = LoginTablePresenter.swift; sourceTree = "<group>"; };
		17D2F126241936B400AAE8A7 /* LoginLabelView.swift */ = {isa = PBXFileReference; lastKnownFileType = sourcecode.swift; path = LoginLabelView.swift; sourceTree = "<group>"; };
/* End PBXFileReference section */

/* Begin PBXFrameworksBuildPhase section */
		17D2F0F62419032200AAE8A7 /* Frameworks */ = {
			isa = PBXFrameworksBuildPhase;
			buildActionMask = 2147483647;
			files = (
			);
			runOnlyForDeploymentPostprocessing = 0;
		};
/* End PBXFrameworksBuildPhase section */

/* Begin PBXGroup section */
		17208D9A24195366005D048E /* Support */ = {
			isa = PBXGroup;
			children = (
				17208D9B24195388005D048E /* Extensions.swift */,
				17208DA4241A8AC0005D048E /* Routes.swift */,
				177CEE6F241BD734001C7FB1 /* Completion.swift */,
				17208DA6241A8C55005D048E /* Method.swift */,
				177CEE6A241BBF88001C7FB1 /* Locale.swift */,
				177CEE6C241BC937001C7FB1 /* Colors.swift */,
			);
			path = Support;
			sourceTree = "<group>";
		};
		17208D9D241A4F52005D048E /* Result */ = {
			isa = PBXGroup;
			children = (
				17208D9E241A4F7E005D048E /* ResultsTableDelegates.swift */,
				17208D9F241A4F7E005D048E /* ResultsTablePresenter.swift */,
				17208DA0241A4F7E005D048E /* ResultsTableViewController.swift */,
			);
			path = Result;
			sourceTree = "<group>";
		};
		177CEE67241BA15E001C7FB1 /* Models */ = {
			isa = PBXGroup;
			children = (
				177CEE68241BA188001C7FB1 /* ResultElement.swift */,
			);
			path = Models;
			sourceTree = "<group>";
		};
		17D2F0F02419032200AAE8A7 = {
			isa = PBXGroup;
			children = (
				17D2F0FB2419032200AAE8A7 /* TestTaskJatApp */,
				17D2F0FA2419032200AAE8A7 /* Products */,
			);
			sourceTree = "<group>";
		};
		17D2F0FA2419032200AAE8A7 /* Products */ = {
			isa = PBXGroup;
			children = (
				17D2F0F92419032200AAE8A7 /* TestTaskJatApp.app */,
			);
			name = Products;
			sourceTree = "<group>";
		};
		17D2F0FB2419032200AAE8A7 /* TestTaskJatApp */ = {
			isa = PBXGroup;
			children = (
				177CEE67241BA15E001C7FB1 /* Models */,
				17D2F11124190EED00AAE8A7 /* Authentication */,
				17208D9D241A4F52005D048E /* Result */,
				17208D9A24195366005D048E /* Support */,
				17D2F0FC2419032200AAE8A7 /* AppDelegate.swift */,
				17D2F1052419032600AAE8A7 /* Assets.xcassets */,
				17D2F1072419032600AAE8A7 /* LaunchScreen.storyboard */,
				17D2F10A2419032600AAE8A7 /* Info.plist */,
			);
			path = TestTaskJatApp;
			sourceTree = "<group>";
		};
		17D2F11124190EED00AAE8A7 /* Authentication */ = {
			isa = PBXGroup;
			children = (
				17D2F114241910C500AAE8A7 /* Views */,
				17D2F1192419262600AAE8A7 /* Cells */,
				17D2F11324190F4B00AAE8A7 /* Login */,
				17D2F11224190F0300AAE8A7 /* Signup */,
			);
			path = Authentication;
			sourceTree = "<group>";
		};
		17D2F11224190F0300AAE8A7 /* Signup */ = {
			isa = PBXGroup;
			children = (
				17208D8C24193DCF005D048E /* SignupTableDelegates.swift */,
				17208D8D24193DCF005D048E /* SignupTablePresenter.swift */,
				17208D8E24193DCF005D048E /* SignupTableViewController.swift */,
			);
			path = Signup;
			sourceTree = "<group>";
		};
		17D2F11324190F4B00AAE8A7 /* Login */ = {
			isa = PBXGroup;
			children = (
				17D2F12224192DB400AAE8A7 /* LoginTableDelegates.swift */,
				17D2F12324192DB400AAE8A7 /* LoginTablePresenter.swift */,
				17D2F1172419260200AAE8A7 /* LoginTableViewController.swift */,
			);
			path = Login;
			sourceTree = "<group>";
		};
		17D2F114241910C500AAE8A7 /* Views */ = {
			isa = PBXGroup;
			children = (
				17D2F126241936B400AAE8A7 /* LoginLabelView.swift */,
				17208D96241947E6005D048E /* SignupLabelView.swift */,
			);
			path = Views;
			sourceTree = "<group>";
		};
		17D2F1192419262600AAE8A7 /* Cells */ = {
			isa = PBXGroup;
			children = (
				177CEE65241B93D9001C7FB1 /* ResultTableViewCell.swift */,
				17D2F11A241926AE00AAE8A7 /* EmailTableViewCell.swift */,
				17D2F11C2419285500AAE8A7 /* PasswordTableViewCell.swift */,
				17D2F11E241929A400AAE8A7 /* LoginButtonTableViewCell.swift */,
				17D2F12024192C3F00AAE8A7 /* SignupButtonTableViewCell.swift */,
				17208D93241946C3005D048E /* NameTableViewCell.swift */,
				17208D9824194D42005D048E /* SignupTableViewCell.swift */,
			);
			path = Cells;
			sourceTree = "<group>";
		};
/* End PBXGroup section */

/* Begin PBXNativeTarget section */
		17D2F0F82419032200AAE8A7 /* TestTaskJatApp */ = {
			isa = PBXNativeTarget;
			buildConfigurationList = 17D2F10D2419032600AAE8A7 /* Build configuration list for PBXNativeTarget "TestTaskJatApp" */;
			buildPhases = (
				17D2F0F52419032200AAE8A7 /* Sources */,
				17D2F0F62419032200AAE8A7 /* Frameworks */,
				17D2F0F72419032200AAE8A7 /* Resources */,
			);
			buildRules = (
			);
			dependencies = (
			);
			name = TestTaskJatApp;
			productName = TestTaskJatApp;
			productReference = 17D2F0F92419032200AAE8A7 /* TestTaskJatApp.app */;
			productType = "com.apple.product-type.application";
		};
/* End PBXNativeTarget section */

/* Begin PBXProject section */
		17D2F0F12419032200AAE8A7 /* Project object */ = {
			isa = PBXProject;
			attributes = {
				LastSwiftUpdateCheck = 1130;
				LastUpgradeCheck = 1130;
				ORGANIZATIONNAME = "Nikita Nechyporenko";
				TargetAttributes = {
					17D2F0F82419032200AAE8A7 = {
						CreatedOnToolsVersion = 11.3.1;
					};
				};
			};
			buildConfigurationList = 17D2F0F42419032200AAE8A7 /* Build configuration list for PBXProject "TestTaskJatApp" */;
			compatibilityVersion = "Xcode 9.3";
			developmentRegion = en;
			hasScannedForEncodings = 0;
			knownRegions = (
				en,
				Base,
			);
			mainGroup = 17D2F0F02419032200AAE8A7;
			productRefGroup = 17D2F0FA2419032200AAE8A7 /* Products */;
			projectDirPath = "";
			projectRoot = "";
			targets = (
				17D2F0F82419032200AAE8A7 /* TestTaskJatApp */,
			);
		};
/* End PBXProject section */

/* Begin PBXResourcesBuildPhase section */
		17D2F0F72419032200AAE8A7 /* Resources */ = {
			isa = PBXResourcesBuildPhase;
			buildActionMask = 2147483647;
			files = (
				17D2F1092419032600AAE8A7 /* LaunchScreen.storyboard in Resources */,
				17D2F1062419032600AAE8A7 /* Assets.xcassets in Resources */,
			);
			runOnlyForDeploymentPostprocessing = 0;
		};
/* End PBXResourcesBuildPhase section */

/* Begin PBXSourcesBuildPhase section */
		17D2F0F52419032200AAE8A7 /* Sources */ = {
			isa = PBXSourcesBuildPhase;
			buildActionMask = 2147483647;
			files = (
				177CEE66241B93D9001C7FB1 /* ResultTableViewCell.swift in Sources */,
				17208DA1241A4F7E005D048E /* ResultsTableDelegates.swift in Sources */,
				17D2F12424192DB400AAE8A7 /* LoginTableDelegates.swift in Sources */,
				17208D9924194D42005D048E /* SignupTableViewCell.swift in Sources */,
				17D2F12524192DB400AAE8A7 /* LoginTablePresenter.swift in Sources */,
				17208DA2241A4F7E005D048E /* ResultsTablePresenter.swift in Sources */,
				177CEE6D241BC937001C7FB1 /* Colors.swift in Sources */,
				177CEE69241BA188001C7FB1 /* ResultElement.swift in Sources */,
				17208DA7241A8C55005D048E /* Method.swift in Sources */,
				17D2F11D2419285500AAE8A7 /* PasswordTableViewCell.swift in Sources */,
				17208D94241946C3005D048E /* NameTableViewCell.swift in Sources */,
				17208D8F24193DCF005D048E /* SignupTableDelegates.swift in Sources */,
				17208D9024193DCF005D048E /* SignupTablePresenter.swift in Sources */,
				17D2F1182419260200AAE8A7 /* LoginTableViewController.swift in Sources */,
				17208DA3241A4F7E005D048E /* ResultsTableViewController.swift in Sources */,
				17208D97241947E6005D048E /* SignupLabelView.swift in Sources */,
				17D2F11B241926AE00AAE8A7 /* EmailTableViewCell.swift in Sources */,
				17208D9124193DCF005D048E /* SignupTableViewController.swift in Sources */,
				17208D9C24195388005D048E /* Extensions.swift in Sources */,
				17D2F11F241929A400AAE8A7 /* LoginButtonTableViewCell.swift in Sources */,
				17D2F127241936B400AAE8A7 /* LoginLabelView.swift in Sources */,
				177CEE70241BD734001C7FB1 /* Completion.swift in Sources */,
				17208DA5241A8AC0005D048E /* Routes.swift in Sources */,
				17D2F12124192C3F00AAE8A7 /* SignupButtonTableViewCell.swift in Sources */,
				17D2F0FD2419032200AAE8A7 /* AppDelegate.swift in Sources */,
				177CEE6B241BBF88001C7FB1 /* Locale.swift in Sources */,
			);
			runOnlyForDeploymentPostprocessing = 0;
		};
/* End PBXSourcesBuildPhase section */

/* Begin PBXVariantGroup section */
		17D2F1072419032600AAE8A7 /* LaunchScreen.storyboard */ = {
			isa = PBXVariantGroup;
			children = (
				17D2F1082419032600AAE8A7 /* Base */,
			);
			name = LaunchScreen.storyboard;
			sourceTree = "<group>";
		};
/* End PBXVariantGroup section */

/* Begin XCBuildConfiguration section */
		17D2F10B2419032600AAE8A7 /* Debug */ = {
			isa = XCBuildConfiguration;
			buildSettings = {
				ALWAYS_SEARCH_USER_PATHS = NO;
				CLANG_ANALYZER_NONNULL = YES;
				CLANG_ANALYZER_NUMBER_OBJECT_CONVERSION = YES_AGGRESSIVE;
				CLANG_CXX_LANGUAGE_STANDARD = "gnu++14";
				CLANG_CXX_LIBRARY = "libc++";
				CLANG_ENABLE_MODULES = YES;
				CLANG_ENABLE_OBJC_ARC = YES;
				CLANG_ENABLE_OBJC_WEAK = YES;
				CLANG_WARN_BLOCK_CAPTURE_AUTORELEASING = YES;
				CLANG_WARN_BOOL_CONVERSION = YES;
				CLANG_WARN_COMMA = YES;
				CLANG_WARN_CONSTANT_CONVERSION = YES;
				CLANG_WARN_DEPRECATED_OBJC_IMPLEMENTATIONS = YES;
				CLANG_WARN_DIRECT_OBJC_ISA_USAGE = YES_ERROR;
				CLANG_WARN_DOCUMENTATION_COMMENTS = YES;
				CLANG_WARN_EMPTY_BODY = YES;
				CLANG_WARN_ENUM_CONVERSION = YES;
				CLANG_WARN_INFINITE_RECURSION = YES;
				CLANG_WARN_INT_CONVERSION = YES;
				CLANG_WARN_NON_LITERAL_NULL_CONVERSION = YES;
				CLANG_WARN_OBJC_IMPLICIT_RETAIN_SELF = YES;
				CLANG_WARN_OBJC_LITERAL_CONVERSION = YES;
				CLANG_WARN_OBJC_ROOT_CLASS = YES_ERROR;
				CLANG_WARN_RANGE_LOOP_ANALYSIS = YES;
				CLANG_WARN_STRICT_PROTOTYPES = YES;
				CLANG_WARN_SUSPICIOUS_MOVE = YES;
				CLANG_WARN_UNGUARDED_AVAILABILITY = YES_AGGRESSIVE;
				CLANG_WARN_UNREACHABLE_CODE = YES;
				CLANG_WARN__DUPLICATE_METHOD_MATCH = YES;
				COPY_PHASE_STRIP = NO;
				DEBUG_INFORMATION_FORMAT = dwarf;
				ENABLE_STRICT_OBJC_MSGSEND = YES;
				ENABLE_TESTABILITY = YES;
				GCC_C_LANGUAGE_STANDARD = gnu11;
				GCC_DYNAMIC_NO_PIC = NO;
				GCC_NO_COMMON_BLOCKS = YES;
				GCC_OPTIMIZATION_LEVEL = 0;
				GCC_PREPROCESSOR_DEFINITIONS = (
					"DEBUG=1",
					"$(inherited)",
				);
				GCC_WARN_64_TO_32_BIT_CONVERSION = YES;
				GCC_WARN_ABOUT_RETURN_TYPE = YES_ERROR;
				GCC_WARN_UNDECLARED_SELECTOR = YES;
				GCC_WARN_UNINITIALIZED_AUTOS = YES_AGGRESSIVE;
				GCC_WARN_UNUSED_FUNCTION = YES;
				GCC_WARN_UNUSED_VARIABLE = YES;
				IPHONEOS_DEPLOYMENT_TARGET = 13.2;
				MTL_ENABLE_DEBUG_INFO = INCLUDE_SOURCE;
				MTL_FAST_MATH = YES;
				ONLY_ACTIVE_ARCH = YES;
				SDKROOT = iphoneos;
				SWIFT_ACTIVE_COMPILATION_CONDITIONS = DEBUG;
				SWIFT_OPTIMIZATION_LEVEL = "-Onone";
			};
			name = Debug;
		};
		17D2F10C2419032600AAE8A7 /* Release */ = {
			isa = XCBuildConfiguration;
			buildSettings = {
				ALWAYS_SEARCH_USER_PATHS = NO;
				CLANG_ANALYZER_NONNULL = YES;
				CLANG_ANALYZER_NUMBER_OBJECT_CONVERSION = YES_AGGRESSIVE;
				CLANG_CXX_LANGUAGE_STANDARD = "gnu++14";
				CLANG_CXX_LIBRARY = "libc++";
				CLANG_ENABLE_MODULES = YES;
				CLANG_ENABLE_OBJC_ARC = YES;
				CLANG_ENABLE_OBJC_WEAK = YES;
				CLANG_WARN_BLOCK_CAPTURE_AUTORELEASING = YES;
				CLANG_WARN_BOOL_CONVERSION = YES;
				CLANG_WARN_COMMA = YES;
				CLANG_WARN_CONSTANT_CONVERSION = YES;
				CLANG_WARN_DEPRECATED_OBJC_IMPLEMENTATIONS = YES;
				CLANG_WARN_DIRECT_OBJC_ISA_USAGE = YES_ERROR;
				CLANG_WARN_DOCUMENTATION_COMMENTS = YES;
				CLANG_WARN_EMPTY_BODY = YES;
				CLANG_WARN_ENUM_CONVERSION = YES;
				CLANG_WARN_INFINITE_RECURSION = YES;
				CLANG_WARN_INT_CONVERSION = YES;
				CLANG_WARN_NON_LITERAL_NULL_CONVERSION = YES;
				CLANG_WARN_OBJC_IMPLICIT_RETAIN_SELF = YES;
				CLANG_WARN_OBJC_LITERAL_CONVERSION = YES;
				CLANG_WARN_OBJC_ROOT_CLASS = YES_ERROR;
				CLANG_WARN_RANGE_LOOP_ANALYSIS = YES;
				CLANG_WARN_STRICT_PROTOTYPES = YES;
				CLANG_WARN_SUSPICIOUS_MOVE = YES;
				CLANG_WARN_UNGUARDED_AVAILABILITY = YES_AGGRESSIVE;
				CLANG_WARN_UNREACHABLE_CODE = YES;
				CLANG_WARN__DUPLICATE_METHOD_MATCH = YES;
				COPY_PHASE_STRIP = NO;
				DEBUG_INFORMATION_FORMAT = "dwarf-with-dsym";
				ENABLE_NS_ASSERTIONS = NO;
				ENABLE_STRICT_OBJC_MSGSEND = YES;
				GCC_C_LANGUAGE_STANDARD = gnu11;
				GCC_NO_COMMON_BLOCKS = YES;
				GCC_WARN_64_TO_32_BIT_CONVERSION = YES;
				GCC_WARN_ABOUT_RETURN_TYPE = YES_ERROR;
				GCC_WARN_UNDECLARED_SELECTOR = YES;
				GCC_WARN_UNINITIALIZED_AUTOS = YES_AGGRESSIVE;
				GCC_WARN_UNUSED_FUNCTION = YES;
				GCC_WARN_UNUSED_VARIABLE = YES;
				IPHONEOS_DEPLOYMENT_TARGET = 13.2;
				MTL_ENABLE_DEBUG_INFO = NO;
				MTL_FAST_MATH = YES;
				SDKROOT = iphoneos;
				SWIFT_COMPILATION_MODE = wholemodule;
				SWIFT_OPTIMIZATION_LEVEL = "-O";
				VALIDATE_PRODUCT = YES;
			};
			name = Release;
		};
		17D2F10E2419032600AAE8A7 /* Debug */ = {
			isa = XCBuildConfiguration;
			buildSettings = {
				ASSETCATALOG_COMPILER_APPICON_NAME = AppIcon;
				CODE_SIGN_STYLE = Automatic;
				DEVELOPMENT_TEAM = 466RJTAC3V;
				INFOPLIST_FILE = TestTaskJatApp/Info.plist;
				LD_RUNPATH_SEARCH_PATHS = (
					"$(inherited)",
					"@executable_path/Frameworks",
				);
				PRODUCT_BUNDLE_IDENTIFIER = com.TestTaskJatApp;
				PRODUCT_NAME = "$(TARGET_NAME)";
				SWIFT_VERSION = 5.0;
				TARGETED_DEVICE_FAMILY = 1;
			};
			name = Debug;
		};
		17D2F10F2419032600AAE8A7 /* Release */ = {
			isa = XCBuildConfiguration;
			buildSettings = {
				ASSETCATALOG_COMPILER_APPICON_NAME = AppIcon;
				CODE_SIGN_STYLE = Automatic;
				DEVELOPMENT_TEAM = 466RJTAC3V;
				INFOPLIST_FILE = TestTaskJatApp/Info.plist;
				LD_RUNPATH_SEARCH_PATHS = (
					"$(inherited)",
					"@executable_path/Frameworks",
				);
				PRODUCT_BUNDLE_IDENTIFIER = com.TestTaskJatApp;
				PRODUCT_NAME = "$(TARGET_NAME)";
				SWIFT_VERSION = 5.0;
				TARGETED_DEVICE_FAMILY = 1;
			};
			name = Release;
		};
/* End XCBuildConfiguration section */

/* Begin XCConfigurationList section */
		17D2F0F42419032200AAE8A7 /* Build configuration list for PBXProject "TestTaskJatApp" */ = {
			isa = XCConfigurationList;
			buildConfigurations = (
				17D2F10B2419032600AAE8A7 /* Debug */,
				17D2F10C2419032600AAE8A7 /* Release */,
			);
			defaultConfigurationIsVisible = 0;
			defaultConfigurationName = Release;
		};
		17D2F10D2419032600AAE8A7 /* Build configuration list for PBXNativeTarget "TestTaskJatApp" */ = {
			isa = XCConfigurationList;
			buildConfigurations = (
				17D2F10E2419032600AAE8A7 /* Debug */,
				17D2F10F2419032600AAE8A7 /* Release */,
			);
			defaultConfigurationIsVisible = 0;
			defaultConfigurationName = Release;
		};
/* End XCConfigurationList section */
	};
	rootObject = 17D2F0F12419032200AAE8A7 /* Project object */;
}
